
Microsoft Visual Studio Solution File, Format Version 12.00
# Visual Studio Version 17
VisualStudioVersion = 17.2.32505.173
MinimumVisualStudioVersion = 10.0.40219.1
Project("{9A19103F-16F7-4668-BE54-9A1E7A4F7556}") = "SkorpFiles.Memorizer.Api.DataAccess", "SkorpFiles.Memorizer.Api.DataAccess\SkorpFiles.Memorizer.Api.DataAccess.csproj", "{B58BA1EA-9FD9-4084-96C0-E6B874B53EB8}"
EndProject
Project("{9A19103F-16F7-4668-BE54-9A1E7A4F7556}") = "SkorpFiles.Memorizer.Api.BusinessLogic", "SkorpFiles.Memorizer.Api.BusinessLogic\SkorpFiles.Memorizer.Api.BusinessLogic.csproj", "{5591832D-F2A5-4A98-AFE6-71A3266DA890}"
EndProject
Project("{9A19103F-16F7-4668-BE54-9A1E7A4F7556}") = "SkorpFiles.Memorizer.Api.Models", "SkorpFiles.Memorizer.Api.Models\SkorpFiles.Memorizer.Api.Models.csproj", "{D2F1237F-A24E-4574-8D83-5BA1E0955A69}"
EndProject
Project("{9A19103F-16F7-4668-BE54-9A1E7A4F7556}") = "SkorpFiles.Memorizer.Api.Web", "SkorpFiles.Memorizer.Api.Web\SkorpFiles.Memorizer.Api.Web.csproj", "{9517C0A8-BFA2-4E69-8062-416F6BC9EBC9}"
EndProject
Project("{9A19103F-16F7-4668-BE54-9A1E7A4F7556}") = "SkorpFiles.Memorizer.Api.DataAccess.Tests", "SkorpFiles.Memorizer.Api.DataAccess.Tests\SkorpFiles.Memorizer.Api.DataAccess.Tests.csproj", "{AC0C86BB-A659-4CB5-98C2-91C778BE91E3}"
EndProject
Project("{FAE04EC0-301F-11D3-BF4B-00C04F79EFBC}") = "SkorpFiles.Memorizer.Api.BusinessLogic.Tests", "SkorpFiles.Memorizer.Api.BusinessLogic.Tests\SkorpFiles.Memorizer.Api.BusinessLogic.Tests.csproj", "{C016CB05-7191-49F3-92CB-9D8F4EC67BB5}"
EndProject
Project("{FAE04EC0-301F-11D3-BF4B-00C04F79EFBC}") = "SkorpFiles.Memorizer.Api.BusinessLogic.TestConsole", "SkorpFiles.Memorizer.Api.BusinessLogic.TestConsole\SkorpFiles.Memorizer.Api.BusinessLogic.TestConsole.csproj", "{7B89A7D5-9272-4C9D-BF14-2BD1DD420AEF}"
EndProject
Global
	GlobalSection(SolutionConfigurationPlatforms) = preSolution
		Debug|Any CPU = Debug|Any CPU
		Release|Any CPU = Release|Any CPU
	EndGlobalSection
	GlobalSection(ProjectConfigurationPlatforms) = postSolution
		{B58BA1EA-9FD9-4084-96C0-E6B874B53EB8}.Debug|Any CPU.ActiveCfg = Debug|Any CPU
		{B58BA1EA-9FD9-4084-96C0-E6B874B53EB8}.Debug|Any CPU.Build.0 = Debug|Any CPU
		{B58BA1EA-9FD9-4084-96C0-E6B874B53EB8}.Release|Any CPU.ActiveCfg = Release|Any CPU
		{B58BA1EA-9FD9-4084-96C0-E6B874B53EB8}.Release|Any CPU.Build.0 = Release|Any CPU
		{5591832D-F2A5-4A98-AFE6-71A3266DA890}.Debug|Any CPU.ActiveCfg = Debug|Any CPU
		{5591832D-F2A5-4A98-AFE6-71A3266DA890}.Debug|Any CPU.Build.0 = Debug|Any CPU
		{5591832D-F2A5-4A98-AFE6-71A3266DA890}.Release|Any CPU.ActiveCfg = Release|Any CPU
		{5591832D-F2A5-4A98-AFE6-71A3266DA890}.Release|Any CPU.Build.0 = Release|Any CPU
		{D2F1237F-A24E-4574-8D83-5BA1E0955A69}.Debug|Any CPU.ActiveCfg = Debug|Any CPU
		{D2F1237F-A24E-4574-8D83-5BA1E0955A69}.Debug|Any CPU.Build.0 = Debug|Any CPU
		{D2F1237F-A24E-4574-8D83-5BA1E0955A69}.Release|Any CPU.ActiveCfg = Release|Any CPU
		{D2F1237F-A24E-4574-8D83-5BA1E0955A69}.Release|Any CPU.Build.0 = Release|Any CPU
		{9517C0A8-BFA2-4E69-8062-416F6BC9EBC9}.Debug|Any CPU.ActiveCfg = Debug|Any CPU
		{9517C0A8-BFA2-4E69-8062-416F6BC9EBC9}.Debug|Any CPU.Build.0 = Debug|Any CPU
		{9517C0A8-BFA2-4E69-8062-416F6BC9EBC9}.Release|Any CPU.ActiveCfg = Release|Any CPU
		{9517C0A8-BFA2-4E69-8062-416F6BC9EBC9}.Release|Any CPU.Build.0 = Release|Any CPU
		{AC0C86BB-A659-4CB5-98C2-91C778BE91E3}.Debug|Any CPU.ActiveCfg = Debug|Any CPU
		{AC0C86BB-A659-4CB5-98C2-91C778BE91E3}.Debug|Any CPU.Build.0 = Debug|Any CPU
		{AC0C86BB-A659-4CB5-98C2-91C778BE91E3}.Release|Any CPU.ActiveCfg = Release|Any CPU
		{AC0C86BB-A659-4CB5-98C2-91C778BE91E3}.Release|Any CPU.Build.0 = Release|Any CPU
		{C016CB05-7191-49F3-92CB-9D8F4EC67BB5}.Debug|Any CPU.ActiveCfg = Debug|Any CPU
		{C016CB05-7191-49F3-92CB-9D8F4EC67BB5}.Debug|Any CPU.Build.0 = Debug|Any CPU
		{C016CB05-7191-49F3-92CB-9D8F4EC67BB5}.Release|Any CPU.ActiveCfg = Release|Any CPU
		{C016CB05-7191-49F3-92CB-9D8F4EC67BB5}.Release|Any CPU.Build.0 = Release|Any CPU
		{7B89A7D5-9272-4C9D-BF14-2BD1DD420AEF}.Debug|Any CPU.ActiveCfg = Debug|Any CPU
		{7B89A7D5-9272-4C9D-BF14-2BD1DD420AEF}.Debug|Any CPU.Build.0 = Debug|Any CPU
		{7B89A7D5-9272-4C9D-BF14-2BD1DD420AEF}.Release|Any CPU.ActiveCfg = Release|Any CPU
		{7B89A7D5-9272-4C9D-BF14-2BD1DD420AEF}.Release|Any CPU.Build.0 = Release|Any CPU
	EndGlobalSection
	GlobalSection(SolutionProperties) = preSolution
		HideSolutionNode = FALSE
	EndGlobalSection
	GlobalSection(ExtensibilityGlobals) = postSolution
		SolutionGuid = {14E1F703-352D-42C7-B66E-2C2C6D6C268F}
	EndGlobalSection
EndGlobal
